
Microsoft Visual Studio Solution File, Format Version 12.00
# Visual Studio 2012
Project("{FAE04EC0-301F-11D3-BF4B-00C04F79EFBC}") = "ESLTestProcess", "ESLTestProcess\ESLTestProcess.csproj", "{42D15D04-2968-421E-AB6A-3CF42A8C4CC8}"
EndProject
Project("{FAE04EC0-301F-11D3-BF4B-00C04F79EFBC}") = "ESLTestProcess.Data", "ESLTestProcess.Data\ESLTestProcess.Data.csproj", "{C688E5E1-A333-4AFF-8865-7A1DA3A4D03D}"
EndProject
Project("{FAE04EC0-301F-11D3-BF4B-00C04F79EFBC}") = "ESLTestProcess.UnitTest", "ESLTestProcess.UnitTest\ESLTestProcess.UnitTest.csproj", "{C7C412B3-A1EB-4AF8-9913-A045404DF485}"
EndProject
Project("{FAE04EC0-301F-11D3-BF4B-00C04F79EFBC}") = "ESLTestConsole", "ESLTestConsole\ESLTestConsole.csproj", "{11E3567E-794D-4450-BD85-D49D2214C05E}"
EndProject
Project("{FAE04EC0-301F-11D3-BF4B-00C04F79EFBC}") = "console_send_to _serial", "console_send_to _serial\console_send_to _serial.csproj", "{3AFACAA6-3826-4F06-90D8-5C2F51F9B4D7}"
EndProject
Global
	GlobalSection(SolutionConfigurationPlatforms) = preSolution
		Debug|Any CPU = Debug|Any CPU
		Release|Any CPU = Release|Any CPU
	EndGlobalSection
	GlobalSection(ProjectConfigurationPlatforms) = postSolution
		{42D15D04-2968-421E-AB6A-3CF42A8C4CC8}.Debug|Any CPU.ActiveCfg = Debug|Any CPU
		{42D15D04-2968-421E-AB6A-3CF42A8C4CC8}.Debug|Any CPU.Build.0 = Debug|Any CPU
		{42D15D04-2968-421E-AB6A-3CF42A8C4CC8}.Release|Any CPU.ActiveCfg = Release|Any CPU
		{42D15D04-2968-421E-AB6A-3CF42A8C4CC8}.Release|Any CPU.Build.0 = Release|Any CPU
		{C688E5E1-A333-4AFF-8865-7A1DA3A4D03D}.Debug|Any CPU.ActiveCfg = Debug|Any CPU
		{C688E5E1-A333-4AFF-8865-7A1DA3A4D03D}.Debug|Any CPU.Build.0 = Debug|Any CPU
		{C688E5E1-A333-4AFF-8865-7A1DA3A4D03D}.Release|Any CPU.ActiveCfg = Release|Any CPU
		{C688E5E1-A333-4AFF-8865-7A1DA3A4D03D}.Release|Any CPU.Build.0 = Release|Any CPU
		{C7C412B3-A1EB-4AF8-9913-A045404DF485}.Debug|Any CPU.ActiveCfg = Debug|Any CPU
		{C7C412B3-A1EB-4AF8-9913-A045404DF485}.Debug|Any CPU.Build.0 = Debug|Any CPU
		{C7C412B3-A1EB-4AF8-9913-A045404DF485}.Release|Any CPU.ActiveCfg = Release|Any CPU
		{C7C412B3-A1EB-4AF8-9913-A045404DF485}.Release|Any CPU.Build.0 = Release|Any CPU
		{11E3567E-794D-4450-BD85-D49D2214C05E}.Debug|Any CPU.ActiveCfg = Debug|Any CPU
		{11E3567E-794D-4450-BD85-D49D2214C05E}.Debug|Any CPU.Build.0 = Debug|Any CPU
		{11E3567E-794D-4450-BD85-D49D2214C05E}.Release|Any CPU.ActiveCfg = Release|Any CPU
		{11E3567E-794D-4450-BD85-D49D2214C05E}.Release|Any CPU.Build.0 = Release|Any CPU
		{3AFACAA6-3826-4F06-90D8-5C2F51F9B4D7}.Debug|Any CPU.ActiveCfg = Debug|Any CPU
		{3AFACAA6-3826-4F06-90D8-5C2F51F9B4D7}.Debug|Any CPU.Build.0 = Debug|Any CPU
		{3AFACAA6-3826-4F06-90D8-5C2F51F9B4D7}.Release|Any CPU.ActiveCfg = Release|Any CPU
		{3AFACAA6-3826-4F06-90D8-5C2F51F9B4D7}.Release|Any CPU.Build.0 = Release|Any CPU
	EndGlobalSection
	GlobalSection(SolutionProperties) = preSolution
		HideSolutionNode = FALSE
	EndGlobalSection
EndGlobal
